
Microsoft Visual Studio Solution File, Format Version 12.00
# Visual Studio Version 17
VisualStudioVersion = 17.7.34031.279
MinimumVisualStudioVersion = 10.0.40219.1
Project("{FAE04EC0-301F-11D3-BF4B-00C04F79EFBC}") = "TwitterCloneMainBackend", "TwitterCloneMainBackend\TwitterCloneMainBackend.csproj", "{2F81CDBD-E45D-474F-B611-B18FE5C7AE76}"
EndProject
Global
	GlobalSection(SolutionConfigurationPlatforms) = preSolution
		Debug|Any CPU = Debug|Any CPU
		Release|Any CPU = Release|Any CPU
	EndGlobalSection
	GlobalSection(ProjectConfigurationPlatforms) = postSolution
		{2F81CDBD-E45D-474F-B611-B18FE5C7AE76}.Debug|Any CPU.ActiveCfg = Debug|Any CPU
		{2F81CDBD-E45D-474F-B611-B18FE5C7AE76}.Debug|Any CPU.Build.0 = Debug|Any CPU
		{2F81CDBD-E45D-474F-B611-B18FE5C7AE76}.Release|Any CPU.ActiveCfg = Release|Any CPU
		{2F81CDBD-E45D-474F-B611-B18FE5C7AE76}.Release|Any CPU.Build.0 = Release|Any CPU
	EndGlobalSection
	GlobalSection(SolutionProperties) = preSolution
		HideSolutionNode = FALSE
	EndGlobalSection
	GlobalSection(ExtensibilityGlobals) = postSolution
		SolutionGuid = {D08B6C57-588F-4862-809C-9FD922B1BB2D}
	EndGlobalSection
EndGlobal
